
Microsoft Visual Studio Solution File, Format Version 12.00
# Visual Studio Version 16
VisualStudioVersion = 16.0.31515.178
MinimumVisualStudioVersion = 10.0.40219.1
Project("{9A19103F-16F7-4668-BE54-9A1E7A4F7556}") = "RestApi", "src\RestApi\RestApi.csproj", "{4C73C8EC-3211-4620-8C77-2B3EFCC648B6}"
EndProject
Project("{FAE04EC0-301F-11D3-BF4B-00C04F79EFBC}") = "Domain", "src\Domain\Domain.csproj", "{788066D1-04A3-4376-9ACC-292BF6EBD017}"
EndProject
Project("{FAE04EC0-301F-11D3-BF4B-00C04F79EFBC}") = "DataLayer", "src\DataLayer\DataLayer.csproj", "{2F180555-0961-4F66-95AA-0DBADB94EEC6}"
EndProject
Global
	GlobalSection(SolutionConfigurationPlatforms) = preSolution
		Debug|Any CPU = Debug|Any CPU
		Release|Any CPU = Release|Any CPU
	EndGlobalSection
	GlobalSection(ProjectConfigurationPlatforms) = postSolution
		{4C73C8EC-3211-4620-8C77-2B3EFCC648B6}.Debug|Any CPU.ActiveCfg = Debug|Any CPU
		{4C73C8EC-3211-4620-8C77-2B3EFCC648B6}.Debug|Any CPU.Build.0 = Debug|Any CPU
		{4C73C8EC-3211-4620-8C77-2B3EFCC648B6}.Release|Any CPU.ActiveCfg = Release|Any CPU
		{4C73C8EC-3211-4620-8C77-2B3EFCC648B6}.Release|Any CPU.Build.0 = Release|Any CPU
		{788066D1-04A3-4376-9ACC-292BF6EBD017}.Debug|Any CPU.ActiveCfg = Debug|Any CPU
		{788066D1-04A3-4376-9ACC-292BF6EBD017}.Debug|Any CPU.Build.0 = Debug|Any CPU
		{788066D1-04A3-4376-9ACC-292BF6EBD017}.Release|Any CPU.ActiveCfg = Release|Any CPU
		{788066D1-04A3-4376-9ACC-292BF6EBD017}.Release|Any CPU.Build.0 = Release|Any CPU
		{2F180555-0961-4F66-95AA-0DBADB94EEC6}.Debug|Any CPU.ActiveCfg = Debug|Any CPU
		{2F180555-0961-4F66-95AA-0DBADB94EEC6}.Debug|Any CPU.Build.0 = Debug|Any CPU
		{2F180555-0961-4F66-95AA-0DBADB94EEC6}.Release|Any CPU.ActiveCfg = Release|Any CPU
		{2F180555-0961-4F66-95AA-0DBADB94EEC6}.Release|Any CPU.Build.0 = Release|Any CPU
	EndGlobalSection
	GlobalSection(SolutionProperties) = preSolution
		HideSolutionNode = FALSE
	EndGlobalSection
	GlobalSection(ExtensibilityGlobals) = postSolution
		SolutionGuid = {AE68B4CD-F4FE-45E1-8479-9F153365CAD7}
	EndGlobalSection
EndGlobal
